
Microsoft Visual Studio Solution File, Format Version 12.00
# Visual Studio Version 16
VisualStudioVersion = 16.0.31911.196
MinimumVisualStudioVersion = 10.0.40219.1
Project("{FAE04EC0-301F-11D3-BF4B-00C04F79EFBC}") = "Area51", "Area51\Area51.csproj", "{AEE0B35E-F607-4193-90D5-981EB8D71C4F}"
EndProject
Global
	GlobalSection(SolutionConfigurationPlatforms) = preSolution
		Debug|Any CPU = Debug|Any CPU
		Release|Any CPU = Release|Any CPU
	EndGlobalSection
	GlobalSection(ProjectConfigurationPlatforms) = postSolution
		{AEE0B35E-F607-4193-90D5-981EB8D71C4F}.Debug|Any CPU.ActiveCfg = Debug|Any CPU
		{AEE0B35E-F607-4193-90D5-981EB8D71C4F}.Debug|Any CPU.Build.0 = Debug|Any CPU
		{AEE0B35E-F607-4193-90D5-981EB8D71C4F}.Release|Any CPU.ActiveCfg = Release|Any CPU
		{AEE0B35E-F607-4193-90D5-981EB8D71C4F}.Release|Any CPU.Build.0 = Release|Any CPU
	EndGlobalSection
	GlobalSection(SolutionProperties) = preSolution
		HideSolutionNode = FALSE
	EndGlobalSection
	GlobalSection(ExtensibilityGlobals) = postSolution
		SolutionGuid = {64A3501A-1ADF-4784-A05E-4333CA1E18ED}
	EndGlobalSection
EndGlobal
